
Microsoft Visual Studio Solution File, Format Version 12.00
# Visual Studio Version 17
VisualStudioVersion = 17.14.36310.24 d17.14
MinimumVisualStudioVersion = 10.0.40219.1
Project("{FAE04EC0-301F-11D3-BF4B-00C04F79EFBC}") = "almacenamiento", "almacenamiento\almacenamiento.csproj", "{C8AE159F-F51A-4E37-A8AB-0534525316AE}"
EndProject
Global
	GlobalSection(SolutionConfigurationPlatforms) = preSolution
		Debug|Any CPU = Debug|Any CPU
		Release|Any CPU = Release|Any CPU
	EndGlobalSection
	GlobalSection(ProjectConfigurationPlatforms) = postSolution
		{C8AE159F-F51A-4E37-A8AB-0534525316AE}.Debug|Any CPU.ActiveCfg = Debug|Any CPU
		{C8AE159F-F51A-4E37-A8AB-0534525316AE}.Debug|Any CPU.Build.0 = Debug|Any CPU
		{C8AE159F-F51A-4E37-A8AB-0534525316AE}.Release|Any CPU.ActiveCfg = Release|Any CPU
		{C8AE159F-F51A-4E37-A8AB-0534525316AE}.Release|Any CPU.Build.0 = Release|Any CPU
	EndGlobalSection
	GlobalSection(SolutionProperties) = preSolution
		HideSolutionNode = FALSE
	EndGlobalSection
	GlobalSection(ExtensibilityGlobals) = postSolution
		SolutionGuid = {9411AEBC-05DA-4CC4-A3BD-DA6B45A4B16F}
	EndGlobalSection
EndGlobal
