
Microsoft Visual Studio Solution File, Format Version 12.00
# Visual Studio Version 17
VisualStudioVersion = 17.14.36414.22 d17.14
MinimumVisualStudioVersion = 10.0.40219.1
Project("{FAE04EC0-301F-11D3-BF4B-00C04F79EFBC}") = "ExplicacionVideo", "ExplicacionVideo\ExplicacionVideo.csproj", "{425CCF79-DC05-4F6D-8A84-02D511DF89E9}"
EndProject
Global
	GlobalSection(SolutionConfigurationPlatforms) = preSolution
		Debug|Any CPU = Debug|Any CPU
		Release|Any CPU = Release|Any CPU
	EndGlobalSection
	GlobalSection(ProjectConfigurationPlatforms) = postSolution
		{425CCF79-DC05-4F6D-8A84-02D511DF89E9}.Debug|Any CPU.ActiveCfg = Debug|Any CPU
		{425CCF79-DC05-4F6D-8A84-02D511DF89E9}.Debug|Any CPU.Build.0 = Debug|Any CPU
		{425CCF79-DC05-4F6D-8A84-02D511DF89E9}.Release|Any CPU.ActiveCfg = Release|Any CPU
		{425CCF79-DC05-4F6D-8A84-02D511DF89E9}.Release|Any CPU.Build.0 = Release|Any CPU
	EndGlobalSection
	GlobalSection(SolutionProperties) = preSolution
		HideSolutionNode = FALSE
	EndGlobalSection
	GlobalSection(ExtensibilityGlobals) = postSolution
		SolutionGuid = {BF149064-2795-467B-8F82-112B45C4429B}
	EndGlobalSection
EndGlobal
